
Microsoft Visual Studio Solution File, Format Version 12.00
# Visual Studio Version 17
VisualStudioVersion = 17.5.33502.453
MinimumVisualStudioVersion = 10.0.40219.1
Project("{FAE04EC0-301F-11D3-BF4B-00C04F79EFBC}") = "ULTİA", "ULTİA\ULTİA.csproj", "{45A2E2D9-C5D6-478A-A9A6-2321F5F14186}"
EndProject
Project("{FAE04EC0-301F-11D3-BF4B-00C04F79EFBC}") = "ULTİA.DTO", "ULTİA.DTO\ULTİA.DTO.csproj", "{90B2AAE3-7CC8-4318-950C-53FB03A83FB6}"
EndProject
Project("{FAE04EC0-301F-11D3-BF4B-00C04F79EFBC}") = "ULTİA.DAL", "ULTİA.DAL\ULTİA.DAL.csproj", "{8AA4CB5B-AC21-4133-A015-54D7B2FC1ADE}"
EndProject
Project("{FAE04EC0-301F-11D3-BF4B-00C04F79EFBC}") = "MyProvider", "MyProvider\MyProvider.csproj", "{C1EE8786-AEA0-449E-B489-3C246909B7E4}"
EndProject
Global
	GlobalSection(SolutionConfigurationPlatforms) = preSolution
		Debug|Any CPU = Debug|Any CPU
		Release|Any CPU = Release|Any CPU
	EndGlobalSection
	GlobalSection(ProjectConfigurationPlatforms) = postSolution
		{45A2E2D9-C5D6-478A-A9A6-2321F5F14186}.Debug|Any CPU.ActiveCfg = Debug|Any CPU
		{45A2E2D9-C5D6-478A-A9A6-2321F5F14186}.Debug|Any CPU.Build.0 = Debug|Any CPU
		{45A2E2D9-C5D6-478A-A9A6-2321F5F14186}.Release|Any CPU.ActiveCfg = Release|Any CPU
		{45A2E2D9-C5D6-478A-A9A6-2321F5F14186}.Release|Any CPU.Build.0 = Release|Any CPU
		{90B2AAE3-7CC8-4318-950C-53FB03A83FB6}.Debug|Any CPU.ActiveCfg = Debug|Any CPU
		{90B2AAE3-7CC8-4318-950C-53FB03A83FB6}.Debug|Any CPU.Build.0 = Debug|Any CPU
		{90B2AAE3-7CC8-4318-950C-53FB03A83FB6}.Release|Any CPU.ActiveCfg = Release|Any CPU
		{90B2AAE3-7CC8-4318-950C-53FB03A83FB6}.Release|Any CPU.Build.0 = Release|Any CPU
		{8AA4CB5B-AC21-4133-A015-54D7B2FC1ADE}.Debug|Any CPU.ActiveCfg = Debug|Any CPU
		{8AA4CB5B-AC21-4133-A015-54D7B2FC1ADE}.Debug|Any CPU.Build.0 = Debug|Any CPU
		{8AA4CB5B-AC21-4133-A015-54D7B2FC1ADE}.Release|Any CPU.ActiveCfg = Release|Any CPU
		{8AA4CB5B-AC21-4133-A015-54D7B2FC1ADE}.Release|Any CPU.Build.0 = Release|Any CPU
		{C1EE8786-AEA0-449E-B489-3C246909B7E4}.Debug|Any CPU.ActiveCfg = Debug|Any CPU
		{C1EE8786-AEA0-449E-B489-3C246909B7E4}.Debug|Any CPU.Build.0 = Debug|Any CPU
		{C1EE8786-AEA0-449E-B489-3C246909B7E4}.Release|Any CPU.ActiveCfg = Release|Any CPU
		{C1EE8786-AEA0-449E-B489-3C246909B7E4}.Release|Any CPU.Build.0 = Release|Any CPU
	EndGlobalSection
	GlobalSection(SolutionProperties) = preSolution
		HideSolutionNode = FALSE
	EndGlobalSection
	GlobalSection(ExtensibilityGlobals) = postSolution
		SolutionGuid = {051C392D-A2EC-43B8-8D2D-B2CD083235D3}
	EndGlobalSection
EndGlobal
